
Microsoft Visual Studio Solution File, Format Version 12.00
# Visual Studio Version 16
VisualStudioVersion = 16.0.30611.23
MinimumVisualStudioVersion = 10.0.40219.1
Project("{FAE04EC0-301F-11D3-BF4B-00C04F79EFBC}") = "Iga_Vasile_Ionut_Remus_Lab12", "Iga_Vasile_Ionut_Remus_Lab12.csproj", "{1E6CA9F9-CC90-480D-AB31-FA778EC3E0EE}"
EndProject
Project("{FAE04EC0-301F-11D3-BF4B-00C04F79EFBC}") = "Iga_VasileIonutRemus_Lab12.Android", "..\Iga_VasileIonutRemus_Lab12\Iga_VasileIonutRemus_Lab12.Android\Iga_VasileIonutRemus_Lab12.Android.csproj", "{EA5195E7-D708-4616-97F6-CAA39B074F79}"
EndProject
Project("{FAE04EC0-301F-11D3-BF4B-00C04F79EFBC}") = "Iga_VasileIonutRemus_Lab12.iOS", "..\Iga_VasileIonutRemus_Lab12\Iga_VasileIonutRemus_Lab12.iOS\Iga_VasileIonutRemus_Lab12.iOS.csproj", "{0FBC00E6-E7F2-4DC9-BB16-20BB05D640A1}"
EndProject
Project("{FAE04EC0-301F-11D3-BF4B-00C04F79EFBC}") = "Iga_VasileIonutRemus_Lab12", "..\Iga_VasileIonutRemus_Lab12\Iga_VasileIonutRemus_Lab12\Iga_VasileIonutRemus_Lab12.csproj", "{87557CAA-2D20-41CE-BDD1-20B439DA98C6}"
EndProject
Global
	GlobalSection(SolutionConfigurationPlatforms) = preSolution
		Debug|Any CPU = Debug|Any CPU
		Debug|iPhone = Debug|iPhone
		Debug|iPhoneSimulator = Debug|iPhoneSimulator
		Release|Any CPU = Release|Any CPU
		Release|iPhone = Release|iPhone
		Release|iPhoneSimulator = Release|iPhoneSimulator
	EndGlobalSection
	GlobalSection(ProjectConfigurationPlatforms) = postSolution
		{1E6CA9F9-CC90-480D-AB31-FA778EC3E0EE}.Debug|Any CPU.ActiveCfg = Debug|Any CPU
		{1E6CA9F9-CC90-480D-AB31-FA778EC3E0EE}.Debug|Any CPU.Build.0 = Debug|Any CPU
		{1E6CA9F9-CC90-480D-AB31-FA778EC3E0EE}.Debug|iPhone.ActiveCfg = Debug|Any CPU
		{1E6CA9F9-CC90-480D-AB31-FA778EC3E0EE}.Debug|iPhone.Build.0 = Debug|Any CPU
		{1E6CA9F9-CC90-480D-AB31-FA778EC3E0EE}.Debug|iPhoneSimulator.ActiveCfg = Debug|Any CPU
		{1E6CA9F9-CC90-480D-AB31-FA778EC3E0EE}.Debug|iPhoneSimulator.Build.0 = Debug|Any CPU
		{1E6CA9F9-CC90-480D-AB31-FA778EC3E0EE}.Release|Any CPU.ActiveCfg = Release|Any CPU
		{1E6CA9F9-CC90-480D-AB31-FA778EC3E0EE}.Release|Any CPU.Build.0 = Release|Any CPU
		{1E6CA9F9-CC90-480D-AB31-FA778EC3E0EE}.Release|iPhone.ActiveCfg = Release|Any CPU
		{1E6CA9F9-CC90-480D-AB31-FA778EC3E0EE}.Release|iPhone.Build.0 = Release|Any CPU
		{1E6CA9F9-CC90-480D-AB31-FA778EC3E0EE}.Release|iPhoneSimulator.ActiveCfg = Release|Any CPU
		{1E6CA9F9-CC90-480D-AB31-FA778EC3E0EE}.Release|iPhoneSimulator.Build.0 = Release|Any CPU
		{EA5195E7-D708-4616-97F6-CAA39B074F79}.Debug|Any CPU.ActiveCfg = Debug|Any CPU
		{EA5195E7-D708-4616-97F6-CAA39B074F79}.Debug|Any CPU.Build.0 = Debug|Any CPU
		{EA5195E7-D708-4616-97F6-CAA39B074F79}.Debug|Any CPU.Deploy.0 = Debug|Any CPU
		{EA5195E7-D708-4616-97F6-CAA39B074F79}.Debug|iPhone.ActiveCfg = Debug|Any CPU
		{EA5195E7-D708-4616-97F6-CAA39B074F79}.Debug|iPhone.Build.0 = Debug|Any CPU
		{EA5195E7-D708-4616-97F6-CAA39B074F79}.Debug|iPhone.Deploy.0 = Debug|Any CPU
		{EA5195E7-D708-4616-97F6-CAA39B074F79}.Debug|iPhoneSimulator.ActiveCfg = Debug|Any CPU
		{EA5195E7-D708-4616-97F6-CAA39B074F79}.Debug|iPhoneSimulator.Build.0 = Debug|Any CPU
		{EA5195E7-D708-4616-97F6-CAA39B074F79}.Debug|iPhoneSimulator.Deploy.0 = Debug|Any CPU
		{EA5195E7-D708-4616-97F6-CAA39B074F79}.Release|Any CPU.ActiveCfg = Release|Any CPU
		{EA5195E7-D708-4616-97F6-CAA39B074F79}.Release|Any CPU.Build.0 = Release|Any CPU
		{EA5195E7-D708-4616-97F6-CAA39B074F79}.Release|Any CPU.Deploy.0 = Release|Any CPU
		{EA5195E7-D708-4616-97F6-CAA39B074F79}.Release|iPhone.ActiveCfg = Release|Any CPU
		{EA5195E7-D708-4616-97F6-CAA39B074F79}.Release|iPhone.Build.0 = Release|Any CPU
		{EA5195E7-D708-4616-97F6-CAA39B074F79}.Release|iPhone.Deploy.0 = Release|Any CPU
		{EA5195E7-D708-4616-97F6-CAA39B074F79}.Release|iPhoneSimulator.ActiveCfg = Release|Any CPU
		{EA5195E7-D708-4616-97F6-CAA39B074F79}.Release|iPhoneSimulator.Build.0 = Release|Any CPU
		{EA5195E7-D708-4616-97F6-CAA39B074F79}.Release|iPhoneSimulator.Deploy.0 = Release|Any CPU
		{0FBC00E6-E7F2-4DC9-BB16-20BB05D640A1}.Debug|Any CPU.ActiveCfg = Debug|iPhoneSimulator
		{0FBC00E6-E7F2-4DC9-BB16-20BB05D640A1}.Debug|iPhone.ActiveCfg = Debug|iPhone
		{0FBC00E6-E7F2-4DC9-BB16-20BB05D640A1}.Debug|iPhone.Build.0 = Debug|iPhone
		{0FBC00E6-E7F2-4DC9-BB16-20BB05D640A1}.Debug|iPhoneSimulator.ActiveCfg = Debug|iPhoneSimulator
		{0FBC00E6-E7F2-4DC9-BB16-20BB05D640A1}.Debug|iPhoneSimulator.Build.0 = Debug|iPhoneSimulator
		{0FBC00E6-E7F2-4DC9-BB16-20BB05D640A1}.Release|Any CPU.ActiveCfg = Release|iPhoneSimulator
		{0FBC00E6-E7F2-4DC9-BB16-20BB05D640A1}.Release|iPhone.ActiveCfg = Release|iPhone
		{0FBC00E6-E7F2-4DC9-BB16-20BB05D640A1}.Release|iPhone.Build.0 = Release|iPhone
		{0FBC00E6-E7F2-4DC9-BB16-20BB05D640A1}.Release|iPhoneSimulator.ActiveCfg = Release|iPhoneSimulator
		{0FBC00E6-E7F2-4DC9-BB16-20BB05D640A1}.Release|iPhoneSimulator.Build.0 = Release|iPhoneSimulator
		{87557CAA-2D20-41CE-BDD1-20B439DA98C6}.Debug|Any CPU.ActiveCfg = Debug|Any CPU
		{87557CAA-2D20-41CE-BDD1-20B439DA98C6}.Debug|Any CPU.Build.0 = Debug|Any CPU
		{87557CAA-2D20-41CE-BDD1-20B439DA98C6}.Debug|iPhone.ActiveCfg = Debug|Any CPU
		{87557CAA-2D20-41CE-BDD1-20B439DA98C6}.Debug|iPhone.Build.0 = Debug|Any CPU
		{87557CAA-2D20-41CE-BDD1-20B439DA98C6}.Debug|iPhoneSimulator.ActiveCfg = Debug|Any CPU
		{87557CAA-2D20-41CE-BDD1-20B439DA98C6}.Debug|iPhoneSimulator.Build.0 = Debug|Any CPU
		{87557CAA-2D20-41CE-BDD1-20B439DA98C6}.Release|Any CPU.ActiveCfg = Release|Any CPU
		{87557CAA-2D20-41CE-BDD1-20B439DA98C6}.Release|Any CPU.Build.0 = Release|Any CPU
		{87557CAA-2D20-41CE-BDD1-20B439DA98C6}.Release|iPhone.ActiveCfg = Release|Any CPU
		{87557CAA-2D20-41CE-BDD1-20B439DA98C6}.Release|iPhone.Build.0 = Release|Any CPU
		{87557CAA-2D20-41CE-BDD1-20B439DA98C6}.Release|iPhoneSimulator.ActiveCfg = Release|Any CPU
		{87557CAA-2D20-41CE-BDD1-20B439DA98C6}.Release|iPhoneSimulator.Build.0 = Release|Any CPU
	EndGlobalSection
	GlobalSection(SolutionProperties) = preSolution
		HideSolutionNode = FALSE
	EndGlobalSection
	GlobalSection(ExtensibilityGlobals) = postSolution
		SolutionGuid = {70DB7013-E163-4214-8D22-E2DD2FF16ADE}
	EndGlobalSection
EndGlobal
